
Microsoft Visual Studio Solution File, Format Version 12.00
# Visual Studio Version 16
VisualStudioVersion = 16.0.30114.105
MinimumVisualStudioVersion = 10.0.40219.1
Project("{FAE04EC0-301F-11D3-BF4B-00C04F79EFBC}") = "Questions", "Questions\Questions.csproj", "{27C91F09-F2C7-4AD3-A304-15B2493F6C5E}"
EndProject
Project("{FAE04EC0-301F-11D3-BF4B-00C04F79EFBC}") = "Tests", "Tests\Tests.csproj", "{53EFB084-2C42-4AED-BBB0-65234D25D71F}"
EndProject
Project("{FAE04EC0-301F-11D3-BF4B-00C04F79EFBC}") = "Benchmarks", "Benchmarks\Benchmarks.csproj", "{98635705-2BB8-4569-8B91-234275C8CD99}"
EndProject
Global
	GlobalSection(SolutionConfigurationPlatforms) = preSolution
		Debug|Any CPU = Debug|Any CPU
		Debug|x64 = Debug|x64
		Debug|x86 = Debug|x86
		Release|Any CPU = Release|Any CPU
		Release|x64 = Release|x64
		Release|x86 = Release|x86
	EndGlobalSection
	GlobalSection(SolutionProperties) = preSolution
		HideSolutionNode = FALSE
	EndGlobalSection
	GlobalSection(ProjectConfigurationPlatforms) = postSolution
		{27C91F09-F2C7-4AD3-A304-15B2493F6C5E}.Debug|Any CPU.ActiveCfg = Debug|Any CPU
		{27C91F09-F2C7-4AD3-A304-15B2493F6C5E}.Debug|Any CPU.Build.0 = Debug|Any CPU
		{27C91F09-F2C7-4AD3-A304-15B2493F6C5E}.Debug|x64.ActiveCfg = Debug|Any CPU
		{27C91F09-F2C7-4AD3-A304-15B2493F6C5E}.Debug|x64.Build.0 = Debug|Any CPU
		{27C91F09-F2C7-4AD3-A304-15B2493F6C5E}.Debug|x86.ActiveCfg = Debug|Any CPU
		{27C91F09-F2C7-4AD3-A304-15B2493F6C5E}.Debug|x86.Build.0 = Debug|Any CPU
		{27C91F09-F2C7-4AD3-A304-15B2493F6C5E}.Release|Any CPU.ActiveCfg = Release|Any CPU
		{27C91F09-F2C7-4AD3-A304-15B2493F6C5E}.Release|Any CPU.Build.0 = Release|Any CPU
		{27C91F09-F2C7-4AD3-A304-15B2493F6C5E}.Release|x64.ActiveCfg = Release|Any CPU
		{27C91F09-F2C7-4AD3-A304-15B2493F6C5E}.Release|x64.Build.0 = Release|Any CPU
		{27C91F09-F2C7-4AD3-A304-15B2493F6C5E}.Release|x86.ActiveCfg = Release|Any CPU
		{27C91F09-F2C7-4AD3-A304-15B2493F6C5E}.Release|x86.Build.0 = Release|Any CPU
		{53EFB084-2C42-4AED-BBB0-65234D25D71F}.Debug|Any CPU.ActiveCfg = Debug|Any CPU
		{53EFB084-2C42-4AED-BBB0-65234D25D71F}.Debug|Any CPU.Build.0 = Debug|Any CPU
		{53EFB084-2C42-4AED-BBB0-65234D25D71F}.Debug|x64.ActiveCfg = Debug|Any CPU
		{53EFB084-2C42-4AED-BBB0-65234D25D71F}.Debug|x64.Build.0 = Debug|Any CPU
		{53EFB084-2C42-4AED-BBB0-65234D25D71F}.Debug|x86.ActiveCfg = Debug|Any CPU
		{53EFB084-2C42-4AED-BBB0-65234D25D71F}.Debug|x86.Build.0 = Debug|Any CPU
		{53EFB084-2C42-4AED-BBB0-65234D25D71F}.Release|Any CPU.ActiveCfg = Release|Any CPU
		{53EFB084-2C42-4AED-BBB0-65234D25D71F}.Release|Any CPU.Build.0 = Release|Any CPU
		{53EFB084-2C42-4AED-BBB0-65234D25D71F}.Release|x64.ActiveCfg = Release|Any CPU
		{53EFB084-2C42-4AED-BBB0-65234D25D71F}.Release|x64.Build.0 = Release|Any CPU
		{53EFB084-2C42-4AED-BBB0-65234D25D71F}.Release|x86.ActiveCfg = Release|Any CPU
		{53EFB084-2C42-4AED-BBB0-65234D25D71F}.Release|x86.Build.0 = Release|Any CPU
		{98635705-2BB8-4569-8B91-234275C8CD99}.Debug|Any CPU.ActiveCfg = Debug|Any CPU
		{98635705-2BB8-4569-8B91-234275C8CD99}.Debug|Any CPU.Build.0 = Debug|Any CPU
		{98635705-2BB8-4569-8B91-234275C8CD99}.Debug|x64.ActiveCfg = Debug|Any CPU
		{98635705-2BB8-4569-8B91-234275C8CD99}.Debug|x64.Build.0 = Debug|Any CPU
		{98635705-2BB8-4569-8B91-234275C8CD99}.Debug|x86.ActiveCfg = Debug|Any CPU
		{98635705-2BB8-4569-8B91-234275C8CD99}.Debug|x86.Build.0 = Debug|Any CPU
		{98635705-2BB8-4569-8B91-234275C8CD99}.Release|Any CPU.ActiveCfg = Release|Any CPU
		{98635705-2BB8-4569-8B91-234275C8CD99}.Release|Any CPU.Build.0 = Release|Any CPU
		{98635705-2BB8-4569-8B91-234275C8CD99}.Release|x64.ActiveCfg = Release|Any CPU
		{98635705-2BB8-4569-8B91-234275C8CD99}.Release|x64.Build.0 = Release|Any CPU
		{98635705-2BB8-4569-8B91-234275C8CD99}.Release|x86.ActiveCfg = Release|Any CPU
		{98635705-2BB8-4569-8B91-234275C8CD99}.Release|x86.Build.0 = Release|Any CPU
	EndGlobalSection
EndGlobal
